
Microsoft Visual Studio Solution File, Format Version 12.00
# Visual Studio Version 17
VisualStudioVersion = 17.14.36221.1 d17.14
MinimumVisualStudioVersion = 10.0.40219.1
Project("{FAE04EC0-301F-11D3-BF4B-00C04F79EFBC}") = "mssa 1.2 check_equality", "mssa 1.2 check_equality.csproj", "{80536309-120A-43C2-B839-6686A36F4253}"
EndProject
Global
	GlobalSection(SolutionConfigurationPlatforms) = preSolution
		Debug|Any CPU = Debug|Any CPU
		Release|Any CPU = Release|Any CPU
	EndGlobalSection
	GlobalSection(ProjectConfigurationPlatforms) = postSolution
		{80536309-120A-43C2-B839-6686A36F4253}.Debug|Any CPU.ActiveCfg = Debug|Any CPU
		{80536309-120A-43C2-B839-6686A36F4253}.Debug|Any CPU.Build.0 = Debug|Any CPU
		{80536309-120A-43C2-B839-6686A36F4253}.Release|Any CPU.ActiveCfg = Release|Any CPU
		{80536309-120A-43C2-B839-6686A36F4253}.Release|Any CPU.Build.0 = Release|Any CPU
	EndGlobalSection
	GlobalSection(SolutionProperties) = preSolution
		HideSolutionNode = FALSE
	EndGlobalSection
	GlobalSection(ExtensibilityGlobals) = postSolution
		SolutionGuid = {FD64CD48-CD66-438F-BF42-1A095E811036}
	EndGlobalSection
EndGlobal
