
Microsoft Visual Studio Solution File, Format Version 12.00
# Visual Studio Version 17
VisualStudioVersion = 17.14.36221.1 d17.14
MinimumVisualStudioVersion = 10.0.40219.1
Project("{FAE04EC0-301F-11D3-BF4B-00C04F79EFBC}") = "mssa_week3challenge3", "mssa_week3challenge3.csproj", "{46D0A5A8-40D3-43DF-9549-797265B46493}"
EndProject
Global
	GlobalSection(SolutionConfigurationPlatforms) = preSolution
		Debug|Any CPU = Debug|Any CPU
		Release|Any CPU = Release|Any CPU
	EndGlobalSection
	GlobalSection(ProjectConfigurationPlatforms) = postSolution
		{46D0A5A8-40D3-43DF-9549-797265B46493}.Debug|Any CPU.ActiveCfg = Debug|Any CPU
		{46D0A5A8-40D3-43DF-9549-797265B46493}.Debug|Any CPU.Build.0 = Debug|Any CPU
		{46D0A5A8-40D3-43DF-9549-797265B46493}.Release|Any CPU.ActiveCfg = Release|Any CPU
		{46D0A5A8-40D3-43DF-9549-797265B46493}.Release|Any CPU.Build.0 = Release|Any CPU
	EndGlobalSection
	GlobalSection(SolutionProperties) = preSolution
		HideSolutionNode = FALSE
	EndGlobalSection
	GlobalSection(ExtensibilityGlobals) = postSolution
		SolutionGuid = {57009431-3F4A-4633-BBE1-BCA4574249E5}
	EndGlobalSection
EndGlobal
