
Microsoft Visual Studio Solution File, Format Version 12.00
# Visual Studio Version 17
VisualStudioVersion = 17.14.36221.1 d17.14
MinimumVisualStudioVersion = 10.0.40219.1
Project("{FAE04EC0-301F-11D3-BF4B-00C04F79EFBC}") = "mssa_week3challenge2", "mssa_week3challenge2.csproj", "{B159AD95-875F-42C1-BAB5-6EF175993077}"
EndProject
Global
	GlobalSection(SolutionConfigurationPlatforms) = preSolution
		Debug|Any CPU = Debug|Any CPU
		Release|Any CPU = Release|Any CPU
	EndGlobalSection
	GlobalSection(ProjectConfigurationPlatforms) = postSolution
		{B159AD95-875F-42C1-BAB5-6EF175993077}.Debug|Any CPU.ActiveCfg = Debug|Any CPU
		{B159AD95-875F-42C1-BAB5-6EF175993077}.Debug|Any CPU.Build.0 = Debug|Any CPU
		{B159AD95-875F-42C1-BAB5-6EF175993077}.Release|Any CPU.ActiveCfg = Release|Any CPU
		{B159AD95-875F-42C1-BAB5-6EF175993077}.Release|Any CPU.Build.0 = Release|Any CPU
	EndGlobalSection
	GlobalSection(SolutionProperties) = preSolution
		HideSolutionNode = FALSE
	EndGlobalSection
	GlobalSection(ExtensibilityGlobals) = postSolution
		SolutionGuid = {177BE793-B3F5-4097-A31F-F2870857C478}
	EndGlobalSection
EndGlobal
