
Microsoft Visual Studio Solution File, Format Version 12.00
# Visual Studio Version 17
VisualStudioVersion = 17.14.36221.1 d17.14
MinimumVisualStudioVersion = 10.0.40219.1
Project("{FAE04EC0-301F-11D3-BF4B-00C04F79EFBC}") = "mssa_3.2.5", "mssa_3.2.5.csproj", "{7E87ED6A-9193-48D9-9C7B-552C3D04EAAB}"
EndProject
Global
	GlobalSection(SolutionConfigurationPlatforms) = preSolution
		Debug|Any CPU = Debug|Any CPU
		Release|Any CPU = Release|Any CPU
	EndGlobalSection
	GlobalSection(ProjectConfigurationPlatforms) = postSolution
		{7E87ED6A-9193-48D9-9C7B-552C3D04EAAB}.Debug|Any CPU.ActiveCfg = Debug|Any CPU
		{7E87ED6A-9193-48D9-9C7B-552C3D04EAAB}.Debug|Any CPU.Build.0 = Debug|Any CPU
		{7E87ED6A-9193-48D9-9C7B-552C3D04EAAB}.Release|Any CPU.ActiveCfg = Release|Any CPU
		{7E87ED6A-9193-48D9-9C7B-552C3D04EAAB}.Release|Any CPU.Build.0 = Release|Any CPU
	EndGlobalSection
	GlobalSection(SolutionProperties) = preSolution
		HideSolutionNode = FALSE
	EndGlobalSection
	GlobalSection(ExtensibilityGlobals) = postSolution
		SolutionGuid = {B5876E26-8808-4BDB-8B9F-1B0C98BA83D1}
	EndGlobalSection
EndGlobal
