
Microsoft Visual Studio Solution File, Format Version 12.00
# Visual Studio Version 17
VisualStudioVersion = 17.14.36221.1 d17.14
MinimumVisualStudioVersion = 10.0.40219.1
Project("{FAE04EC0-301F-11D3-BF4B-00C04F79EFBC}") = "mssa_1.3.1", "mssa_1.3.1.csproj", "{8B5EB055-09CA-4C05-8DF9-F222DD8D42DF}"
EndProject
Global
	GlobalSection(SolutionConfigurationPlatforms) = preSolution
		Debug|Any CPU = Debug|Any CPU
		Release|Any CPU = Release|Any CPU
	EndGlobalSection
	GlobalSection(ProjectConfigurationPlatforms) = postSolution
		{8B5EB055-09CA-4C05-8DF9-F222DD8D42DF}.Debug|Any CPU.ActiveCfg = Debug|Any CPU
		{8B5EB055-09CA-4C05-8DF9-F222DD8D42DF}.Debug|Any CPU.Build.0 = Debug|Any CPU
		{8B5EB055-09CA-4C05-8DF9-F222DD8D42DF}.Release|Any CPU.ActiveCfg = Release|Any CPU
		{8B5EB055-09CA-4C05-8DF9-F222DD8D42DF}.Release|Any CPU.Build.0 = Release|Any CPU
	EndGlobalSection
	GlobalSection(SolutionProperties) = preSolution
		HideSolutionNode = FALSE
	EndGlobalSection
	GlobalSection(ExtensibilityGlobals) = postSolution
		SolutionGuid = {108F4DCD-EA0D-4866-945F-CC92E2123061}
	EndGlobalSection
EndGlobal
